
Microsoft Visual Studio Solution File, Format Version 12.00
# Visual Studio Version 16
VisualStudioVersion = 16.0.31321.278
MinimumVisualStudioVersion = 10.0.40219.1
Project("{FAE04EC0-301F-11D3-BF4B-00C04F79EFBC}") = "TestReco", "TestReco\TestReco.csproj", "{6C5DCAD0-1D1E-40EB-A164-0D931D99010C}"
EndProject
Global
	GlobalSection(SolutionConfigurationPlatforms) = preSolution
		Debug|Any CPU = Debug|Any CPU
		Release|Any CPU = Release|Any CPU
	EndGlobalSection
	GlobalSection(ProjectConfigurationPlatforms) = postSolution
		{6C5DCAD0-1D1E-40EB-A164-0D931D99010C}.Debug|Any CPU.ActiveCfg = Debug|Any CPU
		{6C5DCAD0-1D1E-40EB-A164-0D931D99010C}.Debug|Any CPU.Build.0 = Debug|Any CPU
		{6C5DCAD0-1D1E-40EB-A164-0D931D99010C}.Release|Any CPU.ActiveCfg = Release|Any CPU
		{6C5DCAD0-1D1E-40EB-A164-0D931D99010C}.Release|Any CPU.Build.0 = Release|Any CPU
	EndGlobalSection
	GlobalSection(SolutionProperties) = preSolution
		HideSolutionNode = FALSE
	EndGlobalSection
	GlobalSection(ExtensibilityGlobals) = postSolution
		SolutionGuid = {98980741-FADC-42E7-BC1F-60A5061B6D3F}
	EndGlobalSection
EndGlobal
